
Microsoft Visual Studio Solution File, Format Version 12.00
# Visual Studio Version 17
VisualStudioVersion = 17.9.34728.123
MinimumVisualStudioVersion = 10.0.40219.1
Project("{FAE04EC0-301F-11D3-BF4B-00C04F79EFBC}") = "CallTaxi.WebAPI", "CallTaxi.WebAPI\CallTaxi.WebAPI.csproj", "{9E75E6BF-66D2-44D2-A5C5-20CCF13C57E7}"
EndProject
Global
	GlobalSection(SolutionConfigurationPlatforms) = preSolution
		Debug|Any CPU = Debug|Any CPU
		Release|Any CPU = Release|Any CPU
	EndGlobalSection
	GlobalSection(ProjectConfigurationPlatforms) = postSolution
		{9E75E6BF-66D2-44D2-A5C5-20CCF13C57E7}.Debug|Any CPU.ActiveCfg = Debug|Any CPU
		{9E75E6BF-66D2-44D2-A5C5-20CCF13C57E7}.Debug|Any CPU.Build.0 = Debug|Any CPU
		{9E75E6BF-66D2-44D2-A5C5-20CCF13C57E7}.Release|Any CPU.ActiveCfg = Release|Any CPU
		{9E75E6BF-66D2-44D2-A5C5-20CCF13C57E7}.Release|Any CPU.Build.0 = Release|Any CPU
	EndGlobalSection
	GlobalSection(SolutionProperties) = preSolution
		HideSolutionNode = FALSE
	EndGlobalSection
	GlobalSection(ExtensibilityGlobals) = postSolution
		SolutionGuid = {70985692-746F-4580-9BCD-9C20A0EE8664}
	EndGlobalSection
EndGlobal
